
Microsoft Visual Studio Solution File, Format Version 12.00
# Visual Studio Version 17
VisualStudioVersion = 17.5.33627.172
MinimumVisualStudioVersion = 10.0.40219.1
Project("{9A19103F-16F7-4668-BE54-9A1E7A4F7556}") = "TaxiApi", "TaxiApi\TaxiApi.csproj", "{399BDB36-91DD-49C6-96E6-D7EDBC04931F}"
EndProject
Project("{FAE04EC0-301F-11D3-BF4B-00C04F79EFBC}") = "TaxiApi.Infrastructure", "TaxiApi.Infrastructure\TaxiApi.Infrastructure.csproj", "{5B63DC03-8C2B-43B7-9039-644EBE91624A}"
EndProject
Global
	GlobalSection(SolutionConfigurationPlatforms) = preSolution
		Debug|Any CPU = Debug|Any CPU
		Release|Any CPU = Release|Any CPU
	EndGlobalSection
	GlobalSection(ProjectConfigurationPlatforms) = postSolution
		{399BDB36-91DD-49C6-96E6-D7EDBC04931F}.Debug|Any CPU.ActiveCfg = Debug|Any CPU
		{399BDB36-91DD-49C6-96E6-D7EDBC04931F}.Debug|Any CPU.Build.0 = Debug|Any CPU
		{399BDB36-91DD-49C6-96E6-D7EDBC04931F}.Release|Any CPU.ActiveCfg = Release|Any CPU
		{399BDB36-91DD-49C6-96E6-D7EDBC04931F}.Release|Any CPU.Build.0 = Release|Any CPU
		{5B63DC03-8C2B-43B7-9039-644EBE91624A}.Debug|Any CPU.ActiveCfg = Debug|Any CPU
		{5B63DC03-8C2B-43B7-9039-644EBE91624A}.Debug|Any CPU.Build.0 = Debug|Any CPU
		{5B63DC03-8C2B-43B7-9039-644EBE91624A}.Release|Any CPU.ActiveCfg = Release|Any CPU
		{5B63DC03-8C2B-43B7-9039-644EBE91624A}.Release|Any CPU.Build.0 = Release|Any CPU
	EndGlobalSection
	GlobalSection(SolutionProperties) = preSolution
		HideSolutionNode = FALSE
	EndGlobalSection
	GlobalSection(ExtensibilityGlobals) = postSolution
		SolutionGuid = {E8478A24-A0CA-4945-BC9A-2929D642FFF1}
	EndGlobalSection
EndGlobal
